
Microsoft Visual Studio Solution File, Format Version 12.00
# Visual Studio Version 17
VisualStudioVersion = 17.11.35222.181
MinimumVisualStudioVersion = 10.0.40219.1
Project("{FAE04EC0-301F-11D3-BF4B-00C04F79EFBC}") = "testTarget", "testTarget\testTarget.csproj", "{5456EE1B-E509-41DC-B789-25CEBABB639A}"
EndProject
Project("{FAE04EC0-301F-11D3-BF4B-00C04F79EFBC}") = "testTarget2", "testTarget2\testTarget2.csproj", "{5ECFE7C8-EC22-4C2D-82AD-807A298FFB30}"
EndProject
Project("{FAE04EC0-301F-11D3-BF4B-00C04F79EFBC}") = "testTarget3", "testTarget3\testTarget3.csproj", "{8DFECB9A-B196-44AA-9630-207C57FBCBFB}"
EndProject
Project("{FAE04EC0-301F-11D3-BF4B-00C04F79EFBC}") = "testTarget4", "testTarget4\testTarget4.csproj", "{15BBD772-5DDF-4860-B553-72D7735ED5E0}"
EndProject
Project("{FAE04EC0-301F-11D3-BF4B-00C04F79EFBC}") = "testTarget5", "testTarget5\testTarget5.csproj", "{BDC959DD-ED0A-4506-8B40-8B2F5098F9B5}"
EndProject
Global
	GlobalSection(SolutionConfigurationPlatforms) = preSolution
		Debug|Any CPU = Debug|Any CPU
		Release|Any CPU = Release|Any CPU
	EndGlobalSection
	GlobalSection(ProjectConfigurationPlatforms) = postSolution
		{5456EE1B-E509-41DC-B789-25CEBABB639A}.Debug|Any CPU.ActiveCfg = Debug|Any CPU
		{5456EE1B-E509-41DC-B789-25CEBABB639A}.Debug|Any CPU.Build.0 = Debug|Any CPU
		{5456EE1B-E509-41DC-B789-25CEBABB639A}.Release|Any CPU.ActiveCfg = Release|Any CPU
		{5456EE1B-E509-41DC-B789-25CEBABB639A}.Release|Any CPU.Build.0 = Release|Any CPU
		{5ECFE7C8-EC22-4C2D-82AD-807A298FFB30}.Debug|Any CPU.ActiveCfg = Debug|Any CPU
		{5ECFE7C8-EC22-4C2D-82AD-807A298FFB30}.Debug|Any CPU.Build.0 = Debug|Any CPU
		{5ECFE7C8-EC22-4C2D-82AD-807A298FFB30}.Release|Any CPU.ActiveCfg = Release|Any CPU
		{5ECFE7C8-EC22-4C2D-82AD-807A298FFB30}.Release|Any CPU.Build.0 = Release|Any CPU
		{8DFECB9A-B196-44AA-9630-207C57FBCBFB}.Debug|Any CPU.ActiveCfg = Debug|Any CPU
		{8DFECB9A-B196-44AA-9630-207C57FBCBFB}.Debug|Any CPU.Build.0 = Debug|Any CPU
		{8DFECB9A-B196-44AA-9630-207C57FBCBFB}.Release|Any CPU.ActiveCfg = Release|Any CPU
		{8DFECB9A-B196-44AA-9630-207C57FBCBFB}.Release|Any CPU.Build.0 = Release|Any CPU
		{15BBD772-5DDF-4860-B553-72D7735ED5E0}.Debug|Any CPU.ActiveCfg = Debug|Any CPU
		{15BBD772-5DDF-4860-B553-72D7735ED5E0}.Debug|Any CPU.Build.0 = Debug|Any CPU
		{15BBD772-5DDF-4860-B553-72D7735ED5E0}.Release|Any CPU.ActiveCfg = Release|Any CPU
		{15BBD772-5DDF-4860-B553-72D7735ED5E0}.Release|Any CPU.Build.0 = Release|Any CPU
		{BDC959DD-ED0A-4506-8B40-8B2F5098F9B5}.Debug|Any CPU.ActiveCfg = Debug|Any CPU
		{BDC959DD-ED0A-4506-8B40-8B2F5098F9B5}.Debug|Any CPU.Build.0 = Debug|Any CPU
		{BDC959DD-ED0A-4506-8B40-8B2F5098F9B5}.Release|Any CPU.ActiveCfg = Release|Any CPU
		{BDC959DD-ED0A-4506-8B40-8B2F5098F9B5}.Release|Any CPU.Build.0 = Release|Any CPU
	EndGlobalSection
	GlobalSection(SolutionProperties) = preSolution
		HideSolutionNode = FALSE
	EndGlobalSection
	GlobalSection(ExtensibilityGlobals) = postSolution
		SolutionGuid = {4755DE4F-8294-461C-A440-F23996494607}
	EndGlobalSection
EndGlobal
